
Microsoft Visual Studio Solution File, Format Version 12.00
# Visual Studio 15
VisualStudioVersion = 15.0.27004.2010
MinimumVisualStudioVersion = 10.0.40219.1
Project("{9092AA53-FB77-4645-B42D-1CCCA6BD08BD}") = "DHTIndexer", "DHTIndexer\DHTIndexer.njsproj", "{BB3AE382-34E5-4B49-BD9A-74D9C07543A7}"
EndProject
Project("{9A19103F-16F7-4668-BE54-9A1E7A4F7556}") = "Watcher", "Watcher\Watcher.csproj", "{0D1DF5C3-F7CB-4DA0-9B99-89DDA4A79B84}"
EndProject
Project("{9A19103F-16F7-4668-BE54-9A1E7A4F7556}") = "WatcherDataLayer", "WatcherDataLayer\WatcherDataLayer.csproj", "{E1702FED-9E33-4972-9151-03060FF3DFB9}"
EndProject
Global
	GlobalSection(SolutionConfigurationPlatforms) = preSolution
		Debug|Any CPU = Debug|Any CPU
		Release|Any CPU = Release|Any CPU
	EndGlobalSection
	GlobalSection(ProjectConfigurationPlatforms) = postSolution
		{BB3AE382-34E5-4B49-BD9A-74D9C07543A7}.Debug|Any CPU.ActiveCfg = Debug|Any CPU
		{BB3AE382-34E5-4B49-BD9A-74D9C07543A7}.Debug|Any CPU.Build.0 = Debug|Any CPU
		{BB3AE382-34E5-4B49-BD9A-74D9C07543A7}.Release|Any CPU.ActiveCfg = Release|Any CPU
		{BB3AE382-34E5-4B49-BD9A-74D9C07543A7}.Release|Any CPU.Build.0 = Release|Any CPU
		{0D1DF5C3-F7CB-4DA0-9B99-89DDA4A79B84}.Debug|Any CPU.ActiveCfg = Debug|Any CPU
		{0D1DF5C3-F7CB-4DA0-9B99-89DDA4A79B84}.Debug|Any CPU.Build.0 = Debug|Any CPU
		{0D1DF5C3-F7CB-4DA0-9B99-89DDA4A79B84}.Release|Any CPU.ActiveCfg = Release|Any CPU
		{0D1DF5C3-F7CB-4DA0-9B99-89DDA4A79B84}.Release|Any CPU.Build.0 = Release|Any CPU
		{E1702FED-9E33-4972-9151-03060FF3DFB9}.Debug|Any CPU.ActiveCfg = Debug|Any CPU
		{E1702FED-9E33-4972-9151-03060FF3DFB9}.Debug|Any CPU.Build.0 = Debug|Any CPU
		{E1702FED-9E33-4972-9151-03060FF3DFB9}.Release|Any CPU.ActiveCfg = Release|Any CPU
		{E1702FED-9E33-4972-9151-03060FF3DFB9}.Release|Any CPU.Build.0 = Release|Any CPU
	EndGlobalSection
	GlobalSection(SolutionProperties) = preSolution
		HideSolutionNode = FALSE
	EndGlobalSection
	GlobalSection(ExtensibilityGlobals) = postSolution
		SolutionGuid = {0C9CA8B4-3F9D-4BEC-90D0-23100984E3EE}
	EndGlobalSection
EndGlobal
